
Microsoft Visual Studio Solution File, Format Version 12.00
# Visual Studio Version 17
VisualStudioVersion = 17.6.33712.159
MinimumVisualStudioVersion = 10.0.40219.1
Project("{2150E333-8FDC-42A3-9474-1A3956D46DE8}") = "Tests", "Tests", "{F8E6A54A-CFB2-45F1-BA9F-7086707C3912}"
EndProject
Project("{2150E333-8FDC-42A3-9474-1A3956D46DE8}") = "Solution Items", "Solution Items", "{F46B756D-D6F9-4447-9315-7B9C7748C619}"
	ProjectSection(SolutionItems) = preProject
		.gitignore = .gitignore
		README.md = README.md
	EndProjectSection
EndProject
Project("{FAE04EC0-301F-11D3-BF4B-00C04F79EFBC}") = "Custom", "Custom\Custom.csproj", "{D2D83D70-50A5-4A1C-9236-6D0C6BBED50F}"
EndProject
Global
	GlobalSection(SolutionConfigurationPlatforms) = preSolution
		Debug|Any CPU = Debug|Any CPU
		Release|Any CPU = Release|Any CPU
	EndGlobalSection
	GlobalSection(ProjectConfigurationPlatforms) = postSolution
		{D2D83D70-50A5-4A1C-9236-6D0C6BBED50F}.Debug|Any CPU.ActiveCfg = Debug|Any CPU
		{D2D83D70-50A5-4A1C-9236-6D0C6BBED50F}.Debug|Any CPU.Build.0 = Debug|Any CPU
		{D2D83D70-50A5-4A1C-9236-6D0C6BBED50F}.Release|Any CPU.ActiveCfg = Release|Any CPU
		{D2D83D70-50A5-4A1C-9236-6D0C6BBED50F}.Release|Any CPU.Build.0 = Release|Any CPU
	EndGlobalSection
	GlobalSection(SolutionProperties) = preSolution
		HideSolutionNode = FALSE
	EndGlobalSection
	GlobalSection(ExtensibilityGlobals) = postSolution
		SolutionGuid = {4B4766E1-22A2-4275-9F30-49458907CE71}
	EndGlobalSection
EndGlobal
