
Microsoft Visual Studio Solution File, Format Version 12.00
# Visual Studio Version 17
VisualStudioVersion = 17.6.33712.159
MinimumVisualStudioVersion = 10.0.40219.1
Project("{FAE04EC0-301F-11D3-BF4B-00C04F79EFBC}") = "TEST", "TEST\TEST.csproj", "{C6A158F8-BF3D-455D-A255-2EE60D3D1E93}"
EndProject
Project("{FAE04EC0-301F-11D3-BF4B-00C04F79EFBC}") = "algorithms", "algorithms\algorithms.csproj", "{5C97C70E-BFA2-4F91-81AA-15BE54C38B99}"
EndProject
Project("{FAE04EC0-301F-11D3-BF4B-00C04F79EFBC}") = "data_structures", "data_structures\data_structures.csproj", "{D7F8349D-8351-4D83-B048-220311F7CBDA}"
EndProject
Project("{FAE04EC0-301F-11D3-BF4B-00C04F79EFBC}") = "TASKS", "TASKS\TASKS.csproj", "{AA358C2C-1453-4ABA-B84F-6328D7843A28}"
EndProject
Global
	GlobalSection(SolutionConfigurationPlatforms) = preSolution
		Debug|Any CPU = Debug|Any CPU
		Release|Any CPU = Release|Any CPU
	EndGlobalSection
	GlobalSection(ProjectConfigurationPlatforms) = postSolution
		{C6A158F8-BF3D-455D-A255-2EE60D3D1E93}.Debug|Any CPU.ActiveCfg = Debug|Any CPU
		{C6A158F8-BF3D-455D-A255-2EE60D3D1E93}.Debug|Any CPU.Build.0 = Debug|Any CPU
		{C6A158F8-BF3D-455D-A255-2EE60D3D1E93}.Release|Any CPU.ActiveCfg = Release|Any CPU
		{C6A158F8-BF3D-455D-A255-2EE60D3D1E93}.Release|Any CPU.Build.0 = Release|Any CPU
		{5C97C70E-BFA2-4F91-81AA-15BE54C38B99}.Debug|Any CPU.ActiveCfg = Debug|Any CPU
		{5C97C70E-BFA2-4F91-81AA-15BE54C38B99}.Debug|Any CPU.Build.0 = Debug|Any CPU
		{5C97C70E-BFA2-4F91-81AA-15BE54C38B99}.Release|Any CPU.ActiveCfg = Release|Any CPU
		{5C97C70E-BFA2-4F91-81AA-15BE54C38B99}.Release|Any CPU.Build.0 = Release|Any CPU
		{D7F8349D-8351-4D83-B048-220311F7CBDA}.Debug|Any CPU.ActiveCfg = Debug|Any CPU
		{D7F8349D-8351-4D83-B048-220311F7CBDA}.Debug|Any CPU.Build.0 = Debug|Any CPU
		{D7F8349D-8351-4D83-B048-220311F7CBDA}.Release|Any CPU.ActiveCfg = Release|Any CPU
		{D7F8349D-8351-4D83-B048-220311F7CBDA}.Release|Any CPU.Build.0 = Release|Any CPU
		{AA358C2C-1453-4ABA-B84F-6328D7843A28}.Debug|Any CPU.ActiveCfg = Debug|Any CPU
		{AA358C2C-1453-4ABA-B84F-6328D7843A28}.Debug|Any CPU.Build.0 = Debug|Any CPU
		{AA358C2C-1453-4ABA-B84F-6328D7843A28}.Release|Any CPU.ActiveCfg = Release|Any CPU
		{AA358C2C-1453-4ABA-B84F-6328D7843A28}.Release|Any CPU.Build.0 = Release|Any CPU
	EndGlobalSection
	GlobalSection(SolutionProperties) = preSolution
		HideSolutionNode = FALSE
	EndGlobalSection
	GlobalSection(ExtensibilityGlobals) = postSolution
		SolutionGuid = {4B4766E1-22A2-4275-9F30-49458907CE71}
	EndGlobalSection
EndGlobal
